
Microsoft Visual Studio Solution File, Format Version 12.00
# Visual Studio Version 17
VisualStudioVersion = 17.2.32519.379
MinimumVisualStudioVersion = 10.0.40219.1
Project("{FAE04EC0-301F-11D3-BF4B-00C04F79EFBC}") = "ASPExam", "ASPExam.csproj", "{99361039-66A5-47CB-834F-C07CF3C32918}"
EndProject
Global
	GlobalSection(SolutionConfigurationPlatforms) = preSolution
		Debug|Any CPU = Debug|Any CPU
		Release|Any CPU = Release|Any CPU
	EndGlobalSection
	GlobalSection(ProjectConfigurationPlatforms) = postSolution
		{99361039-66A5-47CB-834F-C07CF3C32918}.Debug|Any CPU.ActiveCfg = Debug|Any CPU
		{99361039-66A5-47CB-834F-C07CF3C32918}.Debug|Any CPU.Build.0 = Debug|Any CPU
		{99361039-66A5-47CB-834F-C07CF3C32918}.Release|Any CPU.ActiveCfg = Release|Any CPU
		{99361039-66A5-47CB-834F-C07CF3C32918}.Release|Any CPU.Build.0 = Release|Any CPU
	EndGlobalSection
	GlobalSection(SolutionProperties) = preSolution
		HideSolutionNode = FALSE
	EndGlobalSection
	GlobalSection(ExtensibilityGlobals) = postSolution
		SolutionGuid = {E32886C6-B56D-449E-A47F-26D4CF1F42B6}
	EndGlobalSection
EndGlobal
