
Microsoft Visual Studio Solution File, Format Version 12.00
# Visual Studio Version 17
VisualStudioVersion = 17.1.32210.238
MinimumVisualStudioVersion = 10.0.40219.1
Project("{FAE04EC0-301F-11D3-BF4B-00C04F79EFBC}") = "A9", "A9.csproj", "{7AC83BE9-1B22-4C6B-A7DC-E5EC5312AF7F}"
EndProject
Global
	GlobalSection(SolutionConfigurationPlatforms) = preSolution
		Debug|Any CPU = Debug|Any CPU
		Release|Any CPU = Release|Any CPU
	EndGlobalSection
	GlobalSection(ProjectConfigurationPlatforms) = postSolution
		{7AC83BE9-1B22-4C6B-A7DC-E5EC5312AF7F}.Debug|Any CPU.ActiveCfg = Debug|Any CPU
		{7AC83BE9-1B22-4C6B-A7DC-E5EC5312AF7F}.Debug|Any CPU.Build.0 = Debug|Any CPU
		{7AC83BE9-1B22-4C6B-A7DC-E5EC5312AF7F}.Release|Any CPU.ActiveCfg = Release|Any CPU
		{7AC83BE9-1B22-4C6B-A7DC-E5EC5312AF7F}.Release|Any CPU.Build.0 = Release|Any CPU
	EndGlobalSection
	GlobalSection(SolutionProperties) = preSolution
		HideSolutionNode = FALSE
	EndGlobalSection
	GlobalSection(ExtensibilityGlobals) = postSolution
		SolutionGuid = {C1BE6677-22DF-4860-A451-982F26B2109E}
	EndGlobalSection
EndGlobal
